
Microsoft Visual Studio Solution File, Format Version 12.00
# Visual Studio Version 16
VisualStudioVersion = 16.0.31911.196
MinimumVisualStudioVersion = 10.0.40219.1
Project("{FAE04EC0-301F-11D3-BF4B-00C04F79EFBC}") = "ReportSTP", "ReportSTP\ReportSTP.csproj", "{B525FB61-14A7-4A97-96D7-5C151BF970BD}"
EndProject
Global
	GlobalSection(SolutionConfigurationPlatforms) = preSolution
		Debug|Any CPU = Debug|Any CPU
		Release|Any CPU = Release|Any CPU
	EndGlobalSection
	GlobalSection(ProjectConfigurationPlatforms) = postSolution
		{B525FB61-14A7-4A97-96D7-5C151BF970BD}.Debug|Any CPU.ActiveCfg = Debug|Any CPU
		{B525FB61-14A7-4A97-96D7-5C151BF970BD}.Debug|Any CPU.Build.0 = Debug|Any CPU
		{B525FB61-14A7-4A97-96D7-5C151BF970BD}.Release|Any CPU.ActiveCfg = Release|Any CPU
		{B525FB61-14A7-4A97-96D7-5C151BF970BD}.Release|Any CPU.Build.0 = Release|Any CPU
	EndGlobalSection
	GlobalSection(SolutionProperties) = preSolution
		HideSolutionNode = FALSE
	EndGlobalSection
	GlobalSection(ExtensibilityGlobals) = postSolution
		SolutionGuid = {67FDC4FE-DC0A-463B-B41D-BE57D7D19C84}
	EndGlobalSection
EndGlobal
